
Microsoft Visual Studio Solution File, Format Version 12.00
# Visual Studio Version 16
VisualStudioVersion = 16.0.29911.98
MinimumVisualStudioVersion = 10.0.40219.1
Project("{9A19103F-16F7-4668-BE54-9A1E7A4F7556}") = "IdentityServer", "IdentityServer\IdentityServer.csproj", "{AC0D07D9-5221-48E7-9DFC-2063CA313731}"
EndProject
Project("{FAE04EC0-301F-11D3-BF4B-00C04F79EFBC}") = "Api", "Api\Api.csproj", "{0116A2AF-FCAB-4835-B66C-2F93B5D5624C}"
EndProject
Project("{FAE04EC0-301F-11D3-BF4B-00C04F79EFBC}") = "Client", "Client\Client.csproj", "{6E1EF542-573B-43E6-893E-A1F756D0A593}"
EndProject
Global
	GlobalSection(SolutionConfigurationPlatforms) = preSolution
		Debug|Any CPU = Debug|Any CPU
		Release|Any CPU = Release|Any CPU
	EndGlobalSection
	GlobalSection(ProjectConfigurationPlatforms) = postSolution
		{AC0D07D9-5221-48E7-9DFC-2063CA313731}.Debug|Any CPU.ActiveCfg = Debug|Any CPU
		{AC0D07D9-5221-48E7-9DFC-2063CA313731}.Debug|Any CPU.Build.0 = Debug|Any CPU
		{AC0D07D9-5221-48E7-9DFC-2063CA313731}.Release|Any CPU.ActiveCfg = Release|Any CPU
		{AC0D07D9-5221-48E7-9DFC-2063CA313731}.Release|Any CPU.Build.0 = Release|Any CPU
		{0116A2AF-FCAB-4835-B66C-2F93B5D5624C}.Debug|Any CPU.ActiveCfg = Debug|Any CPU
		{0116A2AF-FCAB-4835-B66C-2F93B5D5624C}.Debug|Any CPU.Build.0 = Debug|Any CPU
		{0116A2AF-FCAB-4835-B66C-2F93B5D5624C}.Release|Any CPU.ActiveCfg = Release|Any CPU
		{0116A2AF-FCAB-4835-B66C-2F93B5D5624C}.Release|Any CPU.Build.0 = Release|Any CPU
		{6E1EF542-573B-43E6-893E-A1F756D0A593}.Debug|Any CPU.ActiveCfg = Debug|Any CPU
		{6E1EF542-573B-43E6-893E-A1F756D0A593}.Debug|Any CPU.Build.0 = Debug|Any CPU
		{6E1EF542-573B-43E6-893E-A1F756D0A593}.Release|Any CPU.ActiveCfg = Release|Any CPU
		{6E1EF542-573B-43E6-893E-A1F756D0A593}.Release|Any CPU.Build.0 = Release|Any CPU
	EndGlobalSection
	GlobalSection(SolutionProperties) = preSolution
		HideSolutionNode = FALSE
	EndGlobalSection
	GlobalSection(ExtensibilityGlobals) = postSolution
		SolutionGuid = {88A94105-6C65-4EA8-8286-F64D6DF4D97D}
	EndGlobalSection
EndGlobal
